
Microsoft Visual Studio Solution File, Format Version 12.00
# Visual Studio Version 16
VisualStudioVersion = 16.0.30907.101
MinimumVisualStudioVersion = 10.0.40219.1
Project("{FAE04EC0-301F-11D3-BF4B-00C04F79EFBC}") = "Mob_version_RPZ", "Mob_version_RPZ\Mob_version_RPZ.csproj", "{12EFBA38-B412-4554-84FF-E79E93EA42FB}"
EndProject
Global
	GlobalSection(SolutionConfigurationPlatforms) = preSolution
		Debug|Any CPU = Debug|Any CPU
		Release|Any CPU = Release|Any CPU
	EndGlobalSection
	GlobalSection(ProjectConfigurationPlatforms) = postSolution
		{12EFBA38-B412-4554-84FF-E79E93EA42FB}.Debug|Any CPU.ActiveCfg = Debug|Any CPU
		{12EFBA38-B412-4554-84FF-E79E93EA42FB}.Debug|Any CPU.Build.0 = Debug|Any CPU
		{12EFBA38-B412-4554-84FF-E79E93EA42FB}.Release|Any CPU.ActiveCfg = Release|Any CPU
		{12EFBA38-B412-4554-84FF-E79E93EA42FB}.Release|Any CPU.Build.0 = Release|Any CPU
	EndGlobalSection
	GlobalSection(SolutionProperties) = preSolution
		HideSolutionNode = FALSE
	EndGlobalSection
	GlobalSection(ExtensibilityGlobals) = postSolution
		SolutionGuid = {6315CFED-9365-4193-8F17-AA7BFD69F4DA}
	EndGlobalSection
EndGlobal
